
Microsoft Visual Studio Solution File, Format Version 12.00
# Visual Studio Version 17
VisualStudioVersion = 17.1.32104.313
MinimumVisualStudioVersion = 10.0.40219.1
Project("{54A90642-561A-4BB1-A94E-469ADEE60C69}") = "Battleship.UI", "Battleship.UI\Battleship.UI.esproj", "{65592749-916E-4DBF-A589-DF9793C7A097}"
EndProject
Project("{9A19103F-16F7-4668-BE54-9A1E7A4F7556}") = "Battleship.API", "Battleship.API\Battleship.API.csproj", "{9985F583-8045-4A1B-A93C-178448CAD887}"
EndProject
Project("{FAE04EC0-301F-11D3-BF4B-00C04F79EFBC}") = "Battleship.UnitTests", "Battleship.UnitTests\Battleship.UnitTests.csproj", "{D741F71F-4CE6-4EB2-887E-59025892925A}"
EndProject
Project("{FAE04EC0-301F-11D3-BF4B-00C04F79EFBC}") = "Battleship.Domain", "Battleship.Domain\Battleship.Domain.csproj", "{CC1A3511-19DC-4176-A879-C249F85AA365}"
EndProject
Project("{FAE04EC0-301F-11D3-BF4B-00C04F79EFBC}") = "Battleship.Core", "Battleship.Core\Battleship.Core.csproj", "{4F833881-CA24-47DC-93DB-020EE5AACB1B}"
EndProject
Global
	GlobalSection(SolutionConfigurationPlatforms) = preSolution
		Debug|Any CPU = Debug|Any CPU
		Release|Any CPU = Release|Any CPU
	EndGlobalSection
	GlobalSection(ProjectConfigurationPlatforms) = postSolution
		{65592749-916E-4DBF-A589-DF9793C7A097}.Debug|Any CPU.ActiveCfg = Debug|Any CPU
		{65592749-916E-4DBF-A589-DF9793C7A097}.Debug|Any CPU.Build.0 = Debug|Any CPU
		{65592749-916E-4DBF-A589-DF9793C7A097}.Debug|Any CPU.Deploy.0 = Debug|Any CPU
		{65592749-916E-4DBF-A589-DF9793C7A097}.Release|Any CPU.ActiveCfg = Release|Any CPU
		{65592749-916E-4DBF-A589-DF9793C7A097}.Release|Any CPU.Build.0 = Release|Any CPU
		{65592749-916E-4DBF-A589-DF9793C7A097}.Release|Any CPU.Deploy.0 = Release|Any CPU
		{9985F583-8045-4A1B-A93C-178448CAD887}.Debug|Any CPU.ActiveCfg = Debug|Any CPU
		{9985F583-8045-4A1B-A93C-178448CAD887}.Debug|Any CPU.Build.0 = Debug|Any CPU
		{9985F583-8045-4A1B-A93C-178448CAD887}.Release|Any CPU.ActiveCfg = Release|Any CPU
		{9985F583-8045-4A1B-A93C-178448CAD887}.Release|Any CPU.Build.0 = Release|Any CPU
		{D741F71F-4CE6-4EB2-887E-59025892925A}.Debug|Any CPU.ActiveCfg = Debug|Any CPU
		{D741F71F-4CE6-4EB2-887E-59025892925A}.Debug|Any CPU.Build.0 = Debug|Any CPU
		{D741F71F-4CE6-4EB2-887E-59025892925A}.Release|Any CPU.ActiveCfg = Release|Any CPU
		{D741F71F-4CE6-4EB2-887E-59025892925A}.Release|Any CPU.Build.0 = Release|Any CPU
		{CC1A3511-19DC-4176-A879-C249F85AA365}.Debug|Any CPU.ActiveCfg = Debug|Any CPU
		{CC1A3511-19DC-4176-A879-C249F85AA365}.Debug|Any CPU.Build.0 = Debug|Any CPU
		{CC1A3511-19DC-4176-A879-C249F85AA365}.Release|Any CPU.ActiveCfg = Release|Any CPU
		{CC1A3511-19DC-4176-A879-C249F85AA365}.Release|Any CPU.Build.0 = Release|Any CPU
		{4F833881-CA24-47DC-93DB-020EE5AACB1B}.Debug|Any CPU.ActiveCfg = Debug|Any CPU
		{4F833881-CA24-47DC-93DB-020EE5AACB1B}.Debug|Any CPU.Build.0 = Debug|Any CPU
		{4F833881-CA24-47DC-93DB-020EE5AACB1B}.Release|Any CPU.ActiveCfg = Release|Any CPU
		{4F833881-CA24-47DC-93DB-020EE5AACB1B}.Release|Any CPU.Build.0 = Release|Any CPU
	EndGlobalSection
	GlobalSection(SolutionProperties) = preSolution
		HideSolutionNode = FALSE
	EndGlobalSection
	GlobalSection(ExtensibilityGlobals) = postSolution
		SolutionGuid = {86B35BA0-E2FF-45B5-880A-860EAE5BD4E5}
	EndGlobalSection
EndGlobal
